
Microsoft Visual Studio Solution File, Format Version 12.00
Project("{FAE04EC0-301F-11D3-BF4B-00C04F79EFBC}") = "JobBank1111.Job.IntegrationTest", "JobBank1111.Job.IntegrationTest\JobBank1111.Job.IntegrationTest.csproj", "{072B154D-149F-416C-AC1A-E009FED7706E}"
EndProject
Project("{FAE04EC0-301F-11D3-BF4B-00C04F79EFBC}") = "JobBank1111.Infrastructure", "JobBank1111.Infrastructure\JobBank1111.Infrastructure.csproj", "{F9C2045E-64DE-417A-BCC7-FE20B982153B}"
EndProject
Project("{FAE04EC0-301F-11D3-BF4B-00C04F79EFBC}") = "JobBank1111.Job.WebAPI", "JobBank1111.Job.WebAPI\JobBank1111.Job.WebAPI.csproj", "{5BB4C0EB-337D-44F4-BE0A-0694CAF47890}"
EndProject
Project("{FAE04EC0-301F-11D3-BF4B-00C04F79EFBC}") = "JobBank1111.Testing.Common", "JobBank1111.Testing.Common\JobBank1111.Testing.Common.csproj", "{6F3E9F7A-8956-4888-A901-80ECDF8D0780}"
EndProject
Project("{FAE04EC0-301F-11D3-BF4B-00C04F79EFBC}") = "JobBank1111.Job.DB", "JobBank1111.Job.DB\JobBank1111.Job.DB.csproj", "{C0A17226-F3B3-4C6D-A097-92A86CED5947}"
EndProject
Global
	GlobalSection(SolutionConfigurationPlatforms) = preSolution
		Debug|Any CPU = Debug|Any CPU
		Release|Any CPU = Release|Any CPU
	EndGlobalSection
	GlobalSection(ProjectConfigurationPlatforms) = postSolution
		{072B154D-149F-416C-AC1A-E009FED7706E}.Debug|Any CPU.ActiveCfg = Debug|Any CPU
		{072B154D-149F-416C-AC1A-E009FED7706E}.Debug|Any CPU.Build.0 = Debug|Any CPU
		{072B154D-149F-416C-AC1A-E009FED7706E}.Release|Any CPU.ActiveCfg = Release|Any CPU
		{072B154D-149F-416C-AC1A-E009FED7706E}.Release|Any CPU.Build.0 = Release|Any CPU
		{F9C2045E-64DE-417A-BCC7-FE20B982153B}.Debug|Any CPU.ActiveCfg = Debug|Any CPU
		{F9C2045E-64DE-417A-BCC7-FE20B982153B}.Debug|Any CPU.Build.0 = Debug|Any CPU
		{F9C2045E-64DE-417A-BCC7-FE20B982153B}.Release|Any CPU.ActiveCfg = Release|Any CPU
		{F9C2045E-64DE-417A-BCC7-FE20B982153B}.Release|Any CPU.Build.0 = Release|Any CPU
		{5BB4C0EB-337D-44F4-BE0A-0694CAF47890}.Debug|Any CPU.ActiveCfg = Debug|Any CPU
		{5BB4C0EB-337D-44F4-BE0A-0694CAF47890}.Debug|Any CPU.Build.0 = Debug|Any CPU
		{5BB4C0EB-337D-44F4-BE0A-0694CAF47890}.Release|Any CPU.ActiveCfg = Release|Any CPU
		{5BB4C0EB-337D-44F4-BE0A-0694CAF47890}.Release|Any CPU.Build.0 = Release|Any CPU
		{6F3E9F7A-8956-4888-A901-80ECDF8D0780}.Debug|Any CPU.ActiveCfg = Debug|Any CPU
		{6F3E9F7A-8956-4888-A901-80ECDF8D0780}.Debug|Any CPU.Build.0 = Debug|Any CPU
		{6F3E9F7A-8956-4888-A901-80ECDF8D0780}.Release|Any CPU.ActiveCfg = Release|Any CPU
		{6F3E9F7A-8956-4888-A901-80ECDF8D0780}.Release|Any CPU.Build.0 = Release|Any CPU
		{C0A17226-F3B3-4C6D-A097-92A86CED5947}.Debug|Any CPU.ActiveCfg = Debug|Any CPU
		{C0A17226-F3B3-4C6D-A097-92A86CED5947}.Debug|Any CPU.Build.0 = Debug|Any CPU
		{C0A17226-F3B3-4C6D-A097-92A86CED5947}.Release|Any CPU.ActiveCfg = Release|Any CPU
		{C0A17226-F3B3-4C6D-A097-92A86CED5947}.Release|Any CPU.Build.0 = Release|Any CPU
	EndGlobalSection
EndGlobal
